// !$*UTF8*$!
{
	archiveVersion = 1;
	classes = {
	};
	objectVersion = 55;
	objects = {

/* Begin PBXBuildFile section */
		209506D127B4407C00510AAC /* UIPasteboardApp.swift in Sources */ = {isa = PBXBuildFile; fileRef = 209506D027B4407C00510AAC /* UIPasteboardApp.swift */; };
		209506D327B4407C00510AAC /* ContentView.swift in Sources */ = {isa = PBXBuildFile; fileRef = 209506D227B4407C00510AAC /* ContentView.swift */; };
		209506D527B4407E00510AAC /* Assets.xcassets in Resources */ = {isa = PBXBuildFile; fileRef = 209506D427B4407E00510AAC /* Assets.xcassets */; };
		209506D827B4407E00510AAC /* Preview Assets.xcassets in Resources */ = {isa = PBXBuildFile; fileRef = 209506D727B4407E00510AAC /* Preview Assets.xcassets */; };
		209506DF27B4409E00510AAC /* Pasteboard.swift in Sources */ = {isa = PBXBuildFile; fileRef = 209506DE27B4409E00510AAC /* Pasteboard.swift */; };
		20C3129F27C8CE0000A10B86 /* DetectableValues.swift in Sources */ = {isa = PBXBuildFile; fileRef = 20C3129E27C8CE0000A10B86 /* DetectableValues.swift */; };
		20C312A127C8CE7A00A10B86 /* Pasteboard+ConvenienceMethods.swift in Sources */ = {isa = PBXBuildFile; fileRef = 20C312A027C8CE7A00A10B86 /* Pasteboard+ConvenienceMethods.swift */; };
		20F5AF5A27B6631100A062C3 /* UIPasteboardTests.swift in Sources */ = {isa = PBXBuildFile; fileRef = 20F5AF5927B6631100A062C3 /* UIPasteboardTests.swift */; };
		20F5AF6127B6796300A062C3 /* PasteboardNUmberTests.swift in Sources */ = {isa = PBXBuildFile; fileRef = 20F5AF6027B6796300A062C3 /* PasteboardNUmberTests.swift */; };
/* End PBXBuildFile section */

/* Begin PBXContainerItemProxy section */
		20F5AF5B27B6631100A062C3 /* PBXContainerItemProxy */ = {
			isa = PBXContainerItemProxy;
			containerPortal = 209506C527B4407C00510AAC /* Project object */;
			proxyType = 1;
			remoteGlobalIDString = 209506CC27B4407C00510AAC;
			remoteInfo = UIPasteboard;
		};
/* End PBXContainerItemProxy section */

/* Begin PBXFileReference section */
		209506CD27B4407C00510AAC /* UIPasteboard.app */ = {isa = PBXFileReference; explicitFileType = wrapper.application; includeInIndex = 0; path = UIPasteboard.app; sourceTree = BUILT_PRODUCTS_DIR; };
		209506D027B4407C00510AAC /* UIPasteboardApp.swift */ = {isa = PBXFileReference; lastKnownFileType = sourcecode.swift; path = UIPasteboardApp.swift; sourceTree = "<group>"; };
		209506D227B4407C00510AAC /* ContentView.swift */ = {isa = PBXFileReference; lastKnownFileType = sourcecode.swift; path = ContentView.swift; sourceTree = "<group>"; };
		209506D427B4407E00510AAC /* Assets.xcassets */ = {isa = PBXFileReference; lastKnownFileType = folder.assetcatalog; path = Assets.xcassets; sourceTree = "<group>"; };
		209506D727B4407E00510AAC /* Preview Assets.xcassets */ = {isa = PBXFileReference; lastKnownFileType = folder.assetcatalog; path = "Preview Assets.xcassets"; sourceTree = "<group>"; };
		209506DE27B4409E00510AAC /* Pasteboard.swift */ = {isa = PBXFileReference; lastKnownFileType = sourcecode.swift; path = Pasteboard.swift; sourceTree = "<group>"; };
		20C3129E27C8CE0000A10B86 /* DetectableValues.swift */ = {isa = PBXFileReference; lastKnownFileType = sourcecode.swift; path = DetectableValues.swift; sourceTree = "<group>"; };
		20C312A027C8CE7A00A10B86 /* Pasteboard+ConvenienceMethods.swift */ = {isa = PBXFileReference; lastKnownFileType = sourcecode.swift; path = "Pasteboard+ConvenienceMethods.swift"; sourceTree = "<group>"; };
		20F5AF5727B6631100A062C3 /* UIPasteboardTests.xctest */ = {isa = PBXFileReference; explicitFileType = wrapper.cfbundle; includeInIndex = 0; path = UIPasteboardTests.xctest; sourceTree = BUILT_PRODUCTS_DIR; };
		20F5AF5927B6631100A062C3 /* UIPasteboardTests.swift */ = {isa = PBXFileReference; lastKnownFileType = sourcecode.swift; path = UIPasteboardTests.swift; sourceTree = "<group>"; };
		20F5AF6027B6796300A062C3 /* PasteboardNUmberTests.swift */ = {isa = PBXFileReference; lastKnownFileType = sourcecode.swift; path = PasteboardNUmberTests.swift; sourceTree = "<group>"; };
/* End PBXFileReference section */

/* Begin PBXFrameworksBuildPhase section */
		209506CA27B4407C00510AAC /* Frameworks */ = {
			isa = PBXFrameworksBuildPhase;
			buildActionMask = 2147483647;
			files = (
			);
			runOnlyForDeploymentPostprocessing = 0;
		};
		20F5AF5427B6631100A062C3 /* Frameworks */ = {
			isa = PBXFrameworksBuildPhase;
			buildActionMask = 2147483647;
			files = (
			);
			runOnlyForDeploymentPostprocessing = 0;
		};
/* End PBXFrameworksBuildPhase section */

/* Begin PBXGroup section */
		209506C427B4407C00510AAC = {
			isa = PBXGroup;
			children = (
				209506CF27B4407C00510AAC /* UIPasteboard */,
				20F5AF5827B6631100A062C3 /* UIPasteboardTests */,
				209506CE27B4407C00510AAC /* Products */,
			);
			sourceTree = "<group>";
		};
		209506CE27B4407C00510AAC /* Products */ = {
			isa = PBXGroup;
			children = (
				209506CD27B4407C00510AAC /* UIPasteboard.app */,
				20F5AF5727B6631100A062C3 /* UIPasteboardTests.xctest */,
			);
			name = Products;
			sourceTree = "<group>";
		};
		209506CF27B4407C00510AAC /* UIPasteboard */ = {
			isa = PBXGroup;
			children = (
				209506D027B4407C00510AAC /* UIPasteboardApp.swift */,
				209506D227B4407C00510AAC /* ContentView.swift */,
				209506DE27B4409E00510AAC /* Pasteboard.swift */,
				20C312A027C8CE7A00A10B86 /* Pasteboard+ConvenienceMethods.swift */,
				20C3129E27C8CE0000A10B86 /* DetectableValues.swift */,
				209506D427B4407E00510AAC /* Assets.xcassets */,
				209506D627B4407E00510AAC /* Preview Content */,
			);
			path = UIPasteboard;
			sourceTree = "<group>";
		};
		209506D627B4407E00510AAC /* Preview Content */ = {
			isa = PBXGroup;
			children = (
				209506D727B4407E00510AAC /* Preview Assets.xcassets */,
			);
			path = "Preview Content";
			sourceTree = "<group>";
		};
		20F5AF5827B6631100A062C3 /* UIPasteboardTests */ = {
			isa = PBXGroup;
			children = (
				20F5AF5927B6631100A062C3 /* UIPasteboardTests.swift */,
				20F5AF6027B6796300A062C3 /* PasteboardNUmberTests.swift */,
			);
			path = UIPasteboardTests;
			sourceTree = "<group>";
		};
/* End PBXGroup section */

/* Begin PBXNativeTarget section */
		209506CC27B4407C00510AAC /* UIPasteboard */ = {
			isa = PBXNativeTarget;
			buildConfigurationList = 209506DB27B4407E00510AAC /* Build configuration list for PBXNativeTarget "UIPasteboard" */;
			buildPhases = (
				209506C927B4407C00510AAC /* Sources */,
				209506CA27B4407C00510AAC /* Frameworks */,
				209506CB27B4407C00510AAC /* Resources */,
			);
			buildRules = (
			);
			dependencies = (
			);
			name = UIPasteboard;
			productName = UIPasteboard;
			productReference = 209506CD27B4407C00510AAC /* UIPasteboard.app */;
			productType = "com.apple.product-type.application";
		};
		20F5AF5627B6631100A062C3 /* UIPasteboardTests */ = {
			isa = PBXNativeTarget;
			buildConfigurationList = 20F5AF5F27B6631100A062C3 /* Build configuration list for PBXNativeTarget "UIPasteboardTests" */;
			buildPhases = (
				20F5AF5327B6631100A062C3 /* Sources */,
				20F5AF5427B6631100A062C3 /* Frameworks */,
				20F5AF5527B6631100A062C3 /* Resources */,
			);
			buildRules = (
			);
			dependencies = (
				20F5AF5C27B6631100A062C3 /* PBXTargetDependency */,
			);
			name = UIPasteboardTests;
			productName = UIPasteboardTests;
			productReference = 20F5AF5727B6631100A062C3 /* UIPasteboardTests.xctest */;
			productType = "com.apple.product-type.bundle.unit-test";
		};
/* End PBXNativeTarget section */

/* Begin PBXProject section */
		209506C527B4407C00510AAC /* Project object */ = {
			isa = PBXProject;
			attributes = {
				BuildIndependentTargetsInParallel = 1;
				LastSwiftUpdateCheck = 1320;
				LastUpgradeCheck = 1320;
				TargetAttributes = {
					209506CC27B4407C00510AAC = {
						CreatedOnToolsVersion = 13.2.1;
					};
					20F5AF5627B6631100A062C3 = {
						CreatedOnToolsVersion = 13.2.1;
						TestTargetID = 209506CC27B4407C00510AAC;
					};
				};
			};
			buildConfigurationList = 209506C827B4407C00510AAC /* Build configuration list for PBXProject "UIPasteboard" */;
			compatibilityVersion = "Xcode 13.0";
			developmentRegion = en;
			hasScannedForEncodings = 0;
			knownRegions = (
				en,
				Base,
			);
			mainGroup = 209506C427B4407C00510AAC;
			productRefGroup = 209506CE27B4407C00510AAC /* Products */;
			projectDirPath = "";
			projectRoot = "";
			targets = (
				209506CC27B4407C00510AAC /* UIPasteboard */,
				20F5AF5627B6631100A062C3 /* UIPasteboardTests */,
			);
		};
/* End PBXProject section */

/* Begin PBXResourcesBuildPhase section */
		209506CB27B4407C00510AAC /* Resources */ = {
			isa = PBXResourcesBuildPhase;
			buildActionMask = 2147483647;
			files = (
				209506D827B4407E00510AAC /* Preview Assets.xcassets in Resources */,
				209506D527B4407E00510AAC /* Assets.xcassets in Resources */,
			);
			runOnlyForDeploymentPostprocessing = 0;
		};
		20F5AF5527B6631100A062C3 /* Resources */ = {
			isa = PBXResourcesBuildPhase;
			buildActionMask = 2147483647;
			files = (
			);
			runOnlyForDeploymentPostprocessing = 0;
		};
/* End PBXResourcesBuildPhase section */

/* Begin PBXSourcesBuildPhase section */
		209506C927B4407C00510AAC /* Sources */ = {
			isa = PBXSourcesBuildPhase;
			buildActionMask = 2147483647;
			files = (
				209506D327B4407C00510AAC /* ContentView.swift in Sources */,
				209506D127B4407C00510AAC /* UIPasteboardApp.swift in Sources */,
				20C312A127C8CE7A00A10B86 /* Pasteboard+ConvenienceMethods.swift in Sources */,
				20C3129F27C8CE0000A10B86 /* DetectableValues.swift in Sources */,
				209506DF27B4409E00510AAC /* Pasteboard.swift in Sources */,
			);
			runOnlyForDeploymentPostprocessing = 0;
		};
		20F5AF5327B6631100A062C3 /* Sources */ = {
			isa = PBXSourcesBuildPhase;
			buildActionMask = 2147483647;
			files = (
				20F5AF5A27B6631100A062C3 /* UIPasteboardTests.swift in Sources */,
				20F5AF6127B6796300A062C3 /* PasteboardNUmberTests.swift in Sources */,
			);
			runOnlyForDeploymentPostprocessing = 0;
		};
/* End PBXSourcesBuildPhase section */

/* Begin PBXTargetDependency section */
		20F5AF5C27B6631100A062C3 /* PBXTargetDependency */ = {
			isa = PBXTargetDependency;
			target = 209506CC27B4407C00510AAC /* UIPasteboard */;
			targetProxy = 20F5AF5B27B6631100A062C3 /* PBXContainerItemProxy */;
		};
/* End PBXTargetDependency section */

/* Begin XCBuildConfiguration section */
		209506D927B4407E00510AAC /* Debug */ = {
			isa = XCBuildConfiguration;
			buildSettings = {
				ALWAYS_SEARCH_USER_PATHS = NO;
				CLANG_ANALYZER_NONNULL = YES;
				CLANG_ANALYZER_NUMBER_OBJECT_CONVERSION = YES_AGGRESSIVE;
				CLANG_CXX_LANGUAGE_STANDARD = "gnu++17";
				CLANG_CXX_LIBRARY = "libc++";
				CLANG_ENABLE_MODULES = YES;
				CLANG_ENABLE_OBJC_ARC = YES;
				CLANG_ENABLE_OBJC_WEAK = YES;
				CLANG_WARN_BLOCK_CAPTURE_AUTORELEASING = YES;
				CLANG_WARN_BOOL_CONVERSION = YES;
				CLANG_WARN_COMMA = YES;
				CLANG_WARN_CONSTANT_CONVERSION = YES;
				CLANG_WARN_DEPRECATED_OBJC_IMPLEMENTATIONS = YES;
				CLANG_WARN_DIRECT_OBJC_ISA_USAGE = YES_ERROR;
				CLANG_WARN_DOCUMENTATION_COMMENTS = YES;
				CLANG_WARN_EMPTY_BODY = YES;
				CLANG_WARN_ENUM_CONVERSION = YES;
				CLANG_WARN_INFINITE_RECURSION = YES;
				CLANG_WARN_INT_CONVERSION = YES;
				CLANG_WARN_NON_LITERAL_NULL_CONVERSION = YES;
				CLANG_WARN_OBJC_IMPLICIT_RETAIN_SELF = YES;
				CLANG_WARN_OBJC_LITERAL_CONVERSION = YES;
				CLANG_WARN_OBJC_ROOT_CLASS = YES_ERROR;
				CLANG_WARN_QUOTED_INCLUDE_IN_FRAMEWORK_HEADER = YES;
				CLANG_WARN_RANGE_LOOP_ANALYSIS = YES;
				CLANG_WARN_STRICT_PROTOTYPES = YES;
				CLANG_WARN_SUSPICIOUS_MOVE = YES;
				CLANG_WARN_UNGUARDED_AVAILABILITY = YES_AGGRESSIVE;
				CLANG_WARN_UNREACHABLE_CODE = YES;
				CLANG_WARN__DUPLICATE_METHOD_MATCH = YES;
				COPY_PHASE_STRIP = NO;
				DEBUG_INFORMATION_FORMAT = dwarf;
				ENABLE_STRICT_OBJC_MSGSEND = YES;
				ENABLE_TESTABILITY = YES;
				GCC_C_LANGUAGE_STANDARD = gnu11;
				GCC_DYNAMIC_NO_PIC = NO;
				GCC_NO_COMMON_BLOCKS = YES;
				GCC_OPTIMIZATION_LEVEL = 0;
				GCC_PREPROCESSOR_DEFINITIONS = (
					"DEBUG=1",
					"$(inherited)",
				);
				GCC_WARN_64_TO_32_BIT_CONVERSION = YES;
				GCC_WARN_ABOUT_RETURN_TYPE = YES_ERROR;
				GCC_WARN_UNDECLARED_SELECTOR = YES;
				GCC_WARN_UNINITIALIZED_AUTOS = YES_AGGRESSIVE;
				GCC_WARN_UNUSED_FUNCTION = YES;
				GCC_WARN_UNUSED_VARIABLE = YES;
				IPHONEOS_DEPLOYMENT_TARGET = 15.2;
				MTL_ENABLE_DEBUG_INFO = INCLUDE_SOURCE;
				MTL_FAST_MATH = YES;
				ONLY_ACTIVE_ARCH = YES;
				SDKROOT = iphoneos;
				SWIFT_ACTIVE_COMPILATION_CONDITIONS = DEBUG;
				SWIFT_OPTIMIZATION_LEVEL = "-Onone";
			};
			name = Debug;
		};
		209506DA27B4407E00510AAC /* Release */ = {
			isa = XCBuildConfiguration;
			buildSettings = {
				ALWAYS_SEARCH_USER_PATHS = NO;
				CLANG_ANALYZER_NONNULL = YES;
				CLANG_ANALYZER_NUMBER_OBJECT_CONVERSION = YES_AGGRESSIVE;
				CLANG_CXX_LANGUAGE_STANDARD = "gnu++17";
				CLANG_CXX_LIBRARY = "libc++";
				CLANG_ENABLE_MODULES = YES;
				CLANG_ENABLE_OBJC_ARC = YES;
				CLANG_ENABLE_OBJC_WEAK = YES;
				CLANG_WARN_BLOCK_CAPTURE_AUTORELEASING = YES;
				CLANG_WARN_BOOL_CONVERSION = YES;
				CLANG_WARN_COMMA = YES;
				CLANG_WARN_CONSTANT_CONVERSION = YES;
				CLANG_WARN_DEPRECATED_OBJC_IMPLEMENTATIONS = YES;
				CLANG_WARN_DIRECT_OBJC_ISA_USAGE = YES_ERROR;
				CLANG_WARN_DOCUMENTATION_COMMENTS = YES;
				CLANG_WARN_EMPTY_BODY = YES;
				CLANG_WARN_ENUM_CONVERSION = YES;
				CLANG_WARN_INFINITE_RECURSION = YES;
				CLANG_WARN_INT_CONVERSION = YES;
				CLANG_WARN_NON_LITERAL_NULL_CONVERSION = YES;
				CLANG_WARN_OBJC_IMPLICIT_RETAIN_SELF = YES;
				CLANG_WARN_OBJC_LITERAL_CONVERSION = YES;
				CLANG_WARN_OBJC_ROOT_CLASS = YES_ERROR;
				CLANG_WARN_QUOTED_INCLUDE_IN_FRAMEWORK_HEADER = YES;
				CLANG_WARN_RANGE_LOOP_ANALYSIS = YES;
				CLANG_WARN_STRICT_PROTOTYPES = YES;
				CLANG_WARN_SUSPICIOUS_MOVE = YES;
				CLANG_WARN_UNGUARDED_AVAILABILITY = YES_AGGRESSIVE;
				CLANG_WARN_UNREACHABLE_CODE = YES;
				CLANG_WARN__DUPLICATE_METHOD_MATCH = YES;
				COPY_PHASE_STRIP = NO;
				DEBUG_INFORMATION_FORMAT = "dwarf-with-dsym";
				ENABLE_NS_ASSERTIONS = NO;
				ENABLE_STRICT_OBJC_MSGSEND = YES;
				GCC_C_LANGUAGE_STANDARD = gnu11;
				GCC_NO_COMMON_BLOCKS = YES;
				GCC_WARN_64_TO_32_BIT_CONVERSION = YES;
				GCC_WARN_ABOUT_RETURN_TYPE = YES_ERROR;
				GCC_WARN_UNDECLARED_SELECTOR = YES;
				GCC_WARN_UNINITIALIZED_AUTOS = YES_AGGRESSIVE;
				GCC_WARN_UNUSED_FUNCTION = YES;
				GCC_WARN_UNUSED_VARIABLE = YES;
				IPHONEOS_DEPLOYMENT_TARGET = 15.2;
				MTL_ENABLE_DEBUG_INFO = NO;
				MTL_FAST_MATH = YES;
				SDKROOT = iphoneos;
				SWIFT_COMPILATION_MODE = wholemodule;
				SWIFT_OPTIMIZATION_LEVEL = "-O";
				VALIDATE_PRODUCT = YES;
			};
			name = Release;
		};
		209506DC27B4407E00510AAC /* Debug */ = {
			isa = XCBuildConfiguration;
			buildSettings = {
				ASSETCATALOG_COMPILER_APPICON_NAME = AppIcon;
				ASSETCATALOG_COMPILER_GLOBAL_ACCENT_COLOR_NAME = AccentColor;
				CODE_SIGN_STYLE = Automatic;
				CURRENT_PROJECT_VERSION = 1;
				DEVELOPMENT_ASSET_PATHS = "\"UIPasteboard/Preview Content\"";
				DEVELOPMENT_TEAM = MZYRW3QS38;
				ENABLE_PREVIEWS = YES;
				GENERATE_INFOPLIST_FILE = YES;
				INFOPLIST_KEY_UIApplicationSceneManifest_Generation = YES;
				INFOPLIST_KEY_UIApplicationSupportsIndirectInputEvents = YES;
				INFOPLIST_KEY_UILaunchScreen_Generation = YES;
				INFOPLIST_KEY_UISupportedInterfaceOrientations_iPad = "UIInterfaceOrientationPortrait UIInterfaceOrientationPortraitUpsideDown UIInterfaceOrientationLandscapeLeft UIInterfaceOrientationLandscapeRight";
				INFOPLIST_KEY_UISupportedInterfaceOrientations_iPhone = "UIInterfaceOrientationPortrait UIInterfaceOrientationLandscapeLeft UIInterfaceOrientationLandscapeRight";
				LD_RUNPATH_SEARCH_PATHS = (
					"$(inherited)",
					"@executable_path/Frameworks",
				);
				MARKETING_VERSION = 1.0;
				PRODUCT_BUNDLE_IDENTIFIER = blue.same.UIPasteboard;
				PRODUCT_NAME = "$(TARGET_NAME)";
				SWIFT_EMIT_LOC_STRINGS = YES;
				SWIFT_VERSION = 5.0;
				TARGETED_DEVICE_FAMILY = "1,2";
			};
			name = Debug;
		};
		209506DD27B4407E00510AAC /* Release */ = {
			isa = XCBuildConfiguration;
			buildSettings = {
				ASSETCATALOG_COMPILER_APPICON_NAME = AppIcon;
				ASSETCATALOG_COMPILER_GLOBAL_ACCENT_COLOR_NAME = AccentColor;
				CODE_SIGN_STYLE = Automatic;
				CURRENT_PROJECT_VERSION = 1;
				DEVELOPMENT_ASSET_PATHS = "\"UIPasteboard/Preview Content\"";
				DEVELOPMENT_TEAM = MZYRW3QS38;
				ENABLE_PREVIEWS = YES;
				GENERATE_INFOPLIST_FILE = YES;
				INFOPLIST_KEY_UIApplicationSceneManifest_Generation = YES;
				INFOPLIST_KEY_UIApplicationSupportsIndirectInputEvents = YES;
				INFOPLIST_KEY_UILaunchScreen_Generation = YES;
				INFOPLIST_KEY_UISupportedInterfaceOrientations_iPad = "UIInterfaceOrientationPortrait UIInterfaceOrientationPortraitUpsideDown UIInterfaceOrientationLandscapeLeft UIInterfaceOrientationLandscapeRight";
				INFOPLIST_KEY_UISupportedInterfaceOrientations_iPhone = "UIInterfaceOrientationPortrait UIInterfaceOrientationLandscapeLeft UIInterfaceOrientationLandscapeRight";
				LD_RUNPATH_SEARCH_PATHS = (
					"$(inherited)",
					"@executable_path/Frameworks",
				);
				MARKETING_VERSION = 1.0;
				PRODUCT_BUNDLE_IDENTIFIER = blue.same.UIPasteboard;
				PRODUCT_NAME = "$(TARGET_NAME)";
				SWIFT_EMIT_LOC_STRINGS = YES;
				SWIFT_VERSION = 5.0;
				TARGETED_DEVICE_FAMILY = "1,2";
			};
			name = Release;
		};
		20F5AF5D27B6631100A062C3 /* Debug */ = {
			isa = XCBuildConfiguration;
			buildSettings = {
				BUNDLE_LOADER = "$(TEST_HOST)";
				CODE_SIGN_STYLE = Automatic;
				CURRENT_PROJECT_VERSION = 1;
				DEVELOPMENT_TEAM = MZYRW3QS38;
				GENERATE_INFOPLIST_FILE = YES;
				MARKETING_VERSION = 1.0;
				PRODUCT_BUNDLE_IDENTIFIER = blue.same.UIPasteboardTests;
				PRODUCT_NAME = "$(TARGET_NAME)";
				SWIFT_EMIT_LOC_STRINGS = NO;
				SWIFT_VERSION = 5.0;
				TARGETED_DEVICE_FAMILY = "1,2";
				TEST_HOST = "$(BUILT_PRODUCTS_DIR)/UIPasteboard.app/UIPasteboard";
			};
			name = Debug;
		};
		20F5AF5E27B6631100A062C3 /* Release */ = {
			isa = XCBuildConfiguration;
			buildSettings = {
				BUNDLE_LOADER = "$(TEST_HOST)";
				CODE_SIGN_STYLE = Automatic;
				CURRENT_PROJECT_VERSION = 1;
				DEVELOPMENT_TEAM = MZYRW3QS38;
				GENERATE_INFOPLIST_FILE = YES;
				MARKETING_VERSION = 1.0;
				PRODUCT_BUNDLE_IDENTIFIER = blue.same.UIPasteboardTests;
				PRODUCT_NAME = "$(TARGET_NAME)";
				SWIFT_EMIT_LOC_STRINGS = NO;
				SWIFT_VERSION = 5.0;
				TARGETED_DEVICE_FAMILY = "1,2";
				TEST_HOST = "$(BUILT_PRODUCTS_DIR)/UIPasteboard.app/UIPasteboard";
			};
			name = Release;
		};
/* End XCBuildConfiguration section */

/* Begin XCConfigurationList section */
		209506C827B4407C00510AAC /* Build configuration list for PBXProject "UIPasteboard" */ = {
			isa = XCConfigurationList;
			buildConfigurations = (
				209506D927B4407E00510AAC /* Debug */,
				209506DA27B4407E00510AAC /* Release */,
			);
			defaultConfigurationIsVisible = 0;
			defaultConfigurationName = Release;
		};
		209506DB27B4407E00510AAC /* Build configuration list for PBXNativeTarget "UIPasteboard" */ = {
			isa = XCConfigurationList;
			buildConfigurations = (
				209506DC27B4407E00510AAC /* Debug */,
				209506DD27B4407E00510AAC /* Release */,
			);
			defaultConfigurationIsVisible = 0;
			defaultConfigurationName = Release;
		};
		20F5AF5F27B6631100A062C3 /* Build configuration list for PBXNativeTarget "UIPasteboardTests" */ = {
			isa = XCConfigurationList;
			buildConfigurations = (
				20F5AF5D27B6631100A062C3 /* Debug */,
				20F5AF5E27B6631100A062C3 /* Release */,
			);
			defaultConfigurationIsVisible = 0;
			defaultConfigurationName = Release;
		};
/* End XCConfigurationList section */
	};
	rootObject = 209506C527B4407C00510AAC /* Project object */;
}
